
Microsoft Visual Studio Solution File, Format Version 12.00
# Visual Studio Version 17
VisualStudioVersion = 17.6.33829.357
MinimumVisualStudioVersion = 10.0.40219.1
Project("{FAE04EC0-301F-11D3-BF4B-00C04F79EFBC}") = "TrowBlog.Web", "TrowBlog.Web\TrowBlog.Web.csproj", "{DA1BFD1A-ACB7-44FD-8763-E8DBE7425458}"
EndProject
Global
	GlobalSection(SolutionConfigurationPlatforms) = preSolution
		Debug|Any CPU = Debug|Any CPU
		Release|Any CPU = Release|Any CPU
	EndGlobalSection
	GlobalSection(ProjectConfigurationPlatforms) = postSolution
		{DA1BFD1A-ACB7-44FD-8763-E8DBE7425458}.Debug|Any CPU.ActiveCfg = Debug|Any CPU
		{DA1BFD1A-ACB7-44FD-8763-E8DBE7425458}.Debug|Any CPU.Build.0 = Debug|Any CPU
		{DA1BFD1A-ACB7-44FD-8763-E8DBE7425458}.Release|Any CPU.ActiveCfg = Release|Any CPU
		{DA1BFD1A-ACB7-44FD-8763-E8DBE7425458}.Release|Any CPU.Build.0 = Release|Any CPU
	EndGlobalSection
	GlobalSection(SolutionProperties) = preSolution
		HideSolutionNode = FALSE
	EndGlobalSection
	GlobalSection(ExtensibilityGlobals) = postSolution
		SolutionGuid = {314D76C8-3D81-41AD-8CD2-A509252EABE8}
	EndGlobalSection
EndGlobal
